
Microsoft Visual Studio Solution File, Format Version 12.00
# Visual Studio Version 17
VisualStudioVersion = 17.6.33829.357
MinimumVisualStudioVersion = 10.0.40219.1
Project("{9A19103F-16F7-4668-BE54-9A1E7A4F7556}") = "NtpServer", "NtpServer\NtpServer.csproj", "{5EFEA533-A64F-4E33-AF95-4FEC96338E17}"
EndProject
Project("{9A19103F-16F7-4668-BE54-9A1E7A4F7556}") = "TestApp", "TestApp\TestApp.csproj", "{5BC12F50-C00C-4215-BF7B-958866741172}"
EndProject
Project("{9A19103F-16F7-4668-BE54-9A1E7A4F7556}") = "NtpPacket", "NtpPacket\NtpPacket.csproj", "{30119C2D-12FF-4830-94EA-8701FE4C9864}"
EndProject
Global
	GlobalSection(SolutionConfigurationPlatforms) = preSolution
		Debug|Any CPU = Debug|Any CPU
		Release|Any CPU = Release|Any CPU
	EndGlobalSection
	GlobalSection(ProjectConfigurationPlatforms) = postSolution
		{5EFEA533-A64F-4E33-AF95-4FEC96338E17}.Debug|Any CPU.ActiveCfg = Debug|Any CPU
		{5EFEA533-A64F-4E33-AF95-4FEC96338E17}.Debug|Any CPU.Build.0 = Debug|Any CPU
		{5EFEA533-A64F-4E33-AF95-4FEC96338E17}.Release|Any CPU.ActiveCfg = Release|Any CPU
		{5EFEA533-A64F-4E33-AF95-4FEC96338E17}.Release|Any CPU.Build.0 = Release|Any CPU
		{5BC12F50-C00C-4215-BF7B-958866741172}.Debug|Any CPU.ActiveCfg = Debug|Any CPU
		{5BC12F50-C00C-4215-BF7B-958866741172}.Debug|Any CPU.Build.0 = Debug|Any CPU
		{5BC12F50-C00C-4215-BF7B-958866741172}.Release|Any CPU.ActiveCfg = Release|Any CPU
		{5BC12F50-C00C-4215-BF7B-958866741172}.Release|Any CPU.Build.0 = Release|Any CPU
		{30119C2D-12FF-4830-94EA-8701FE4C9864}.Debug|Any CPU.ActiveCfg = Debug|Any CPU
		{30119C2D-12FF-4830-94EA-8701FE4C9864}.Debug|Any CPU.Build.0 = Debug|Any CPU
		{30119C2D-12FF-4830-94EA-8701FE4C9864}.Release|Any CPU.ActiveCfg = Release|Any CPU
		{30119C2D-12FF-4830-94EA-8701FE4C9864}.Release|Any CPU.Build.0 = Release|Any CPU
	EndGlobalSection
	GlobalSection(SolutionProperties) = preSolution
		HideSolutionNode = FALSE
	EndGlobalSection
	GlobalSection(ExtensibilityGlobals) = postSolution
		SolutionGuid = {602703E0-E820-4C37-A81B-121F9BCB4542}
	EndGlobalSection
EndGlobal
